{
    "_readme": [
        "This file locks the dependencies of your project to a known state",
        "Read more about it at https://getcomposer.org/doc/01-basic-usage.md#installing-dependencies",
        "This file is @generated automatically"
    ],
    "content-hash": "17dfbe341eaaad2e6374cc2c9320cb8c",
    "packages": [
        {
            "name": "websyspro/devtools",
            "version": "1.0.161",
            "source": {
                "type": "git",
                "url": "https://github.com/websyspro/devtools.git",
                "reference": "4c62ac846dce2e7920ce920ef960a938d73b822d"
            },
            "dist": {
                "type": "zip",
                "url": "https://api.github.com/repos/websyspro/devtools/zipball/4c62ac846dce2e7920ce920ef960a938d73b822d",
                "reference": "4c62ac846dce2e7920ce920ef960a938d73b822d",
                "shasum": ""
            },
            "require": {
                "websyspro/logger": "^1.0",
                "websyspro/package": "^1.0",
                "websyspro/utils": "^1.0"
            },
            "bin": [
                "bin/server-restart",
                "bin/browser-reload"
            ],
            "type": "library",
            "autoload": {
                "psr-4": {
                    "Websyspro\\DevTools\\": "src/"
                }
            },
            "notification-url": "https://packagist.org/downloads/",
            "license": [
                "MIT"
            ],
            "authors": [
                {
                    "name": "websyspro",
                    "email": "websyspro.services@gmail.com"
                }
            ],
            "description": "Set of features for hot reloads during development",
            "support": {
                "issues": "https://github.com/websyspro/devtools/issues",
                "source": "https://github.com/websyspro/devtools/tree/1.0.161"
            },
            "time": "2026-09-18T21:30:39+00:00"
        },
        {
            "name": "websyspro/elements",
            "version": "1.0.74",
            "source": {
                "type": "git",
                "url": "https://github.com/websyspro/elements.git",
                "reference": "42c3649eefa02f3c97555e301e685d3e06b42051"
            },
            "dist": {
                "type": "zip",
                "url": "https://api.github.com/repos/websyspro/elements/zipball/42c3649eefa02f3c97555e301e685d3e06b42051",
                "reference": "42c3649eefa02f3c97555e301e685d3e06b42051",
                "shasum": ""
            },
            "require": {
                "websyspro/devtools": "^1.0",
                "websyspro/logger": "^1.0",
                "websyspro/package": "^1.0",
                "websyspro/utils": "^1.0"
            },
            "type": "library",
            "autoload": {
                "files": [
                    "src/helpers.php"
                ],
                "psr-4": {
                    "Websyspro\\Elements\\": "src/"
                }
            },
            "notification-url": "https://packagist.org/downloads/",
            "license": [
                "MIT"
            ],
            "authors": [
                {
                    "name": "websyspro",
                    "email": "websyspro.services@gmail.com"
                }
            ],
            "description": "PHP library for dynamic DOM element creation with support for attributes, nesting and HTML rendering",
            "support": {
                "issues": "https://github.com/websyspro/elements/issues",
                "source": "https://github.com/websyspro/elements/tree/1.0.74"
            },
            "time": "2026-09-18T21:31:13+00:00"
        },
        {
            "name": "websyspro/logger",
            "version": "1.0.39",
            "source": {
                "type": "git",
                "url": "https://github.com/websyspro/logger.git",
                "reference": "6b269a6269043eb60a188056490556153bf77bdb"
            },
            "dist": {
                "type": "zip",
                "url": "https://api.github.com/repos/websyspro/logger/zipball/6b269a6269043eb60a188056490556153bf77bdb",
                "reference": "6b269a6269043eb60a188056490556153bf77bdb",
                "shasum": ""
            },
            "require": {
                "php": ">=7.4"
            },
            "require-dev": {
                "websyspro/package": "^1.0"
            },
            "type": "library",
            "autoload": {
                "psr-4": {
                    "Websyspro\\Logger\\": "src/"
                }
            },
            "notification-url": "https://packagist.org/downloads/",
            "license": [
                "MIT"
            ],
            "authors": [
                {
                    "name": "websyspro",
                    "email": "websyspro.services@gmail.com"
                }
            ],
            "description": "Library for logs in server api",
            "support": {
                "issues": "https://github.com/websyspro/logger/issues",
                "source": "https://github.com/websyspro/logger/tree/1.0.39"
            },
            "time": "2026-09-01T21:43:04+00:00"
        },
        {
            "name": "websyspro/package",
            "version": "1.0.84",
            "source": {
                "type": "git",
                "url": "https://github.com/websyspro/package.git",
                "reference": "9bfc28d32a20e84a9b663c74c50ac093a7d712ba"
            },
            "dist": {
                "type": "zip",
                "url": "https://api.github.com/repos/websyspro/package/zipball/9bfc28d32a20e84a9b663c74c50ac093a7d712ba",
                "reference": "9bfc28d32a20e84a9b663c74c50ac093a7d712ba",
                "shasum": ""
            },
            "bin": [
                "bin/publish"
            ],
            "type": "library",
            "autoload": {
                "psr-4": {
                    "Websyspro\\Package\\": "src/"
                }
            },
            "notification-url": "https://packagist.org/downloads/",
            "license": [
                "MIT"
            ],
            "authors": [
                {
                    "name": "websyspro",
                    "email": "websyspro.services@gmail.com"
                }
            ],
            "description": "Version Management",
            "support": {
                "issues": "https://github.com/websyspro/package/issues",
                "source": "https://github.com/websyspro/package/tree/1.0.84"
            },
            "time": "2026-09-18T13:34:52+00:00"
        },
        {
            "name": "websyspro/utils",
            "version": "1.0.13",
            "source": {
                "type": "git",
                "url": "https://github.com/websyspro/utils.git",
                "reference": "b76a59b3d7960a150652f049ac8d92925db8a032"
            },
            "dist": {
                "type": "zip",
                "url": "https://api.github.com/repos/websyspro/utils/zipball/b76a59b3d7960a150652f049ac8d92925db8a032",
                "reference": "b76a59b3d7960a150652f049ac8d92925db8a032",
                "shasum": ""
            },
            "require": {
                "websyspro/package": "^1.0"
            },
            "type": "library",
            "autoload": {
                "psr-4": {
                    "Websyspro\\Utils\\": "src/"
                }
            },
            "notification-url": "https://packagist.org/downloads/",
            "license": [
                "MIT"
            ],
            "authors": [
                {
                    "name": "websyspro",
                    "email": "websyspro.services@gmail.com"
                }
            ],
            "description": "Set of features for front-end and back-end development",
            "support": {
                "issues": "https://github.com/websyspro/utils/issues",
                "source": "https://github.com/websyspro/utils/tree/1.0.13"
            },
            "time": "2026-08-14T18:48:06+00:00"
        },
        {
            "name": "websyspro/wpengine",
            "version": "1.0.12",
            "source": {
                "type": "git",
                "url": "https://github.com/websyspro/wpengine.git",
                "reference": "16f74b498df0a3a291e7c1737f431baac99f6289"
            },
            "dist": {
                "type": "zip",
                "url": "https://api.github.com/repos/websyspro/wpengine/zipball/16f74b498df0a3a291e7c1737f431baac99f6289",
                "reference": "16f74b498df0a3a291e7c1737f431baac99f6289",
                "shasum": ""
            },
            "require": {
                "websyspro/devtools": "^1.0",
                "websyspro/logger": "^1.0",
                "websyspro/package": "^1.0",
                "websyspro/utils": "^1.0"
            },
            "bin": [
                "bin/install"
            ],
            "type": "library",
            "extra": {
                "wp-engine": {
                    "locale": "pt_BR",
                    "wordpress": "6.9"
                }
            },
            "autoload": {
                "psr-4": {
                    "Websyspro\\WpEngine\\": "src/"
                }
            },
            "notification-url": "https://packagist.org/downloads/",
            "license": [
                "MIT"
            ],
            "description": "WordPress runtime installer for Composer-based projects",
            "support": {
                "issues": "https://github.com/websyspro/wpengine/issues",
                "source": "https://github.com/websyspro/wpengine/tree/1.0.12"
            },
            "time": "2026-09-18T21:31:53+00:00"
        }
    ],
    "packages-dev": [],
    "aliases": [],
    "minimum-stability": "dev",
    "stability-flags": {},
    "prefer-stable": true,
    "prefer-lowest": false,
    "platform": {},
    "platform-dev": {},
    "plugin-api-version": "2.9.0"
}
